// !$*UTF8*$!
{
	archiveVersion = 1;
	classes = {
	};
	objectVersion = 46;
	objects = {

/* Begin PBXBuildFile section */
		374C996118BDD89300FD55B1 /* Note.m in Sources */ = {isa = PBXBuildFile; fileRef = 374C996018BDD89300FD55B1 /* Note.m */; };
		37CB47D818BC6CC700681EBF /* NewNoteViewController.m in Sources */ = {isa = PBXBuildFile; fileRef = 37CB47D718BC6CC700681EBF /* NewNoteViewController.m */; };
		37EF861718BB27D100DCB929 /* Foundation.framework in Frameworks */ = {isa = PBXBuildFile; fileRef = 37EF861618BB27D100DCB929 /* Foundation.framework */; };
		37EF861918BB27D100DCB929 /* CoreGraphics.framework in Frameworks */ = {isa = PBXBuildFile; fileRef = 37EF861818BB27D100DCB929 /* CoreGraphics.framework */; };
		37EF861B18BB27D100DCB929 /* UIKit.framework in Frameworks */ = {isa = PBXBuildFile; fileRef = 37EF861A18BB27D100DCB929 /* UIKit.framework */; };
		37EF861D18BB27D100DCB929 /* CoreData.framework in Frameworks */ = {isa = PBXBuildFile; fileRef = 37EF861C18BB27D100DCB929 /* CoreData.framework */; };
		37EF862318BB27D100DCB929 /* InfoPlist.strings in Resources */ = {isa = PBXBuildFile; fileRef = 37EF862118BB27D100DCB929 /* InfoPlist.strings */; };
		37EF862518BB27D100DCB929 /* main.m in Sources */ = {isa = PBXBuildFile; fileRef = 37EF862418BB27D100DCB929 /* main.m */; };
		37EF862918BB27D100DCB929 /* AppDelegate.m in Sources */ = {isa = PBXBuildFile; fileRef = 37EF862818BB27D100DCB929 /* AppDelegate.m */; };
		37EF862C18BB27D100DCB929 /* my_note.xcdatamodeld in Sources */ = {isa = PBXBuildFile; fileRef = 37EF862A18BB27D100DCB929 /* my_note.xcdatamodeld */; };
		37EF862E18BB27D100DCB929 /* Images.xcassets in Resources */ = {isa = PBXBuildFile; fileRef = 37EF862D18BB27D100DCB929 /* Images.xcassets */; };
		37EF863518BB27D100DCB929 /* XCTest.framework in Frameworks */ = {isa = PBXBuildFile; fileRef = 37EF863418BB27D100DCB929 /* XCTest.framework */; };
		37EF863618BB27D100DCB929 /* Foundation.framework in Frameworks */ = {isa = PBXBuildFile; fileRef = 37EF861618BB27D100DCB929 /* Foundation.framework */; };
		37EF863718BB27D100DCB929 /* UIKit.framework in Frameworks */ = {isa = PBXBuildFile; fileRef = 37EF861A18BB27D100DCB929 /* UIKit.framework */; };
		37EF863818BB27D100DCB929 /* CoreData.framework in Frameworks */ = {isa = PBXBuildFile; fileRef = 37EF861C18BB27D100DCB929 /* CoreData.framework */; };
		37EF864018BB27D100DCB929 /* InfoPlist.strings in Resources */ = {isa = PBXBuildFile; fileRef = 37EF863E18BB27D100DCB929 /* InfoPlist.strings */; };
		37EF864218BB27D100DCB929 /* my_noteTests.m in Sources */ = {isa = PBXBuildFile; fileRef = 37EF864118BB27D100DCB929 /* my_noteTests.m */; };
		37EF864C18BB282200DCB929 /* Main.storyboard in Resources */ = {isa = PBXBuildFile; fileRef = 37EF864B18BB282200DCB929 /* Main.storyboard */; };
		37EF864F18BB289900DCB929 /* NoteListViewController.m in Sources */ = {isa = PBXBuildFile; fileRef = 37EF864E18BB289900DCB929 /* NoteListViewController.m */; };
		37EF865518BB2D0900DCB929 /* NoteItemViewController.m in Sources */ = {isa = PBXBuildFile; fileRef = 37EF865418BB2D0900DCB929 /* NoteItemViewController.m */; };
		6E5C14A91C0ED59300364870 /* Podfile in Resources */ = {isa = PBXBuildFile; fileRef = 6E5C14A81C0ED59300364870 /* Podfile */; };
		6E927FD41BFEF87600969D6D /* my_noteUITests.m in Sources */ = {isa = PBXBuildFile; fileRef = 6E927FD31BFEF87600969D6D /* my_noteUITests.m */; };
		6EB1A8041BF869EB006BE4AC /* Launch Screen.storyboard in Resources */ = {isa = PBXBuildFile; fileRef = 6EB1A8031BF869EB006BE4AC /* Launch Screen.storyboard */; };
		6EE3B7D81C04A21D00B8F927 /* NoteTableViewCell.m in Sources */ = {isa = PBXBuildFile; fileRef = 6EE3B7D71C04A21D00B8F927 /* NoteTableViewCell.m */; };
		AA75421103897BD33BC88C58 /* Pods.framework in Frameworks */ = {isa = PBXBuildFile; fileRef = A0DFDA7F7287F25BB15A96CA /* Pods.framework */; };
/* End PBXBuildFile section */

/* Begin PBXContainerItemProxy section */
		37EF863918BB27D100DCB929 /* PBXContainerItemProxy */ = {
			isa = PBXContainerItemProxy;
			containerPortal = 37EF860B18BB27D100DCB929 /* Project object */;
			proxyType = 1;
			remoteGlobalIDString = 37EF861218BB27D100DCB929;
			remoteInfo = "my note";
		};
		6E927FD61BFEF87600969D6D /* PBXContainerItemProxy */ = {
			isa = PBXContainerItemProxy;
			containerPortal = 37EF860B18BB27D100DCB929 /* Project object */;
			proxyType = 1;
			remoteGlobalIDString = 37EF861218BB27D100DCB929;
			remoteInfo = "my note";
		};
/* End PBXContainerItemProxy section */

/* Begin PBXFileReference section */
		374C995F18BDD89300FD55B1 /* Note.h */ = {isa = PBXFileReference; fileEncoding = 4; lastKnownFileType = sourcecode.c.h; path = Note.h; sourceTree = "<group>"; };
		374C996018BDD89300FD55B1 /* Note.m */ = {isa = PBXFileReference; fileEncoding = 4; lastKnownFileType = sourcecode.c.objc; path = Note.m; sourceTree = "<group>"; };
		37CB47D618BC6CC700681EBF /* NewNoteViewController.h */ = {isa = PBXFileReference; fileEncoding = 4; lastKnownFileType = sourcecode.c.h; path = NewNoteViewController.h; sourceTree = "<group>"; };
		37CB47D718BC6CC700681EBF /* NewNoteViewController.m */ = {isa = PBXFileReference; fileEncoding = 4; lastKnownFileType = sourcecode.c.objc; path = NewNoteViewController.m; sourceTree = "<group>"; };
		37EF861318BB27D100DCB929 /* my note.app */ = {isa = PBXFileReference; explicitFileType = wrapper.application; includeInIndex = 0; path = "my note.app"; sourceTree = BUILT_PRODUCTS_DIR; };
		37EF861618BB27D100DCB929 /* Foundation.framework */ = {isa = PBXFileReference; lastKnownFileType = wrapper.framework; name = Foundation.framework; path = System/Library/Frameworks/Foundation.framework; sourceTree = SDKROOT; };
		37EF861818BB27D100DCB929 /* CoreGraphics.framework */ = {isa = PBXFileReference; lastKnownFileType = wrapper.framework; name = CoreGraphics.framework; path = System/Library/Frameworks/CoreGraphics.framework; sourceTree = SDKROOT; };
		37EF861A18BB27D100DCB929 /* UIKit.framework */ = {isa = PBXFileReference; lastKnownFileType = wrapper.framework; name = UIKit.framework; path = System/Library/Frameworks/UIKit.framework; sourceTree = SDKROOT; };
		37EF861C18BB27D100DCB929 /* CoreData.framework */ = {isa = PBXFileReference; lastKnownFileType = wrapper.framework; name = CoreData.framework; path = System/Library/Frameworks/CoreData.framework; sourceTree = SDKROOT; };
		37EF862018BB27D100DCB929 /* my note-Info.plist */ = {isa = PBXFileReference; lastKnownFileType = text.plist.xml; path = "my note-Info.plist"; sourceTree = "<group>"; };
		37EF862218BB27D100DCB929 /* en */ = {isa = PBXFileReference; lastKnownFileType = text.plist.strings; name = en; path = en.lproj/InfoPlist.strings; sourceTree = "<group>"; };
		37EF862418BB27D100DCB929 /* main.m */ = {isa = PBXFileReference; lastKnownFileType = sourcecode.c.objc; path = main.m; sourceTree = "<group>"; };
		37EF862618BB27D100DCB929 /* my note-Prefix.pch */ = {isa = PBXFileReference; lastKnownFileType = sourcecode.c.h; path = "my note-Prefix.pch"; sourceTree = "<group>"; };
		37EF862718BB27D100DCB929 /* AppDelegate.h */ = {isa = PBXFileReference; lastKnownFileType = sourcecode.c.h; path = AppDelegate.h; sourceTree = "<group>"; };
		37EF862818BB27D100DCB929 /* AppDelegate.m */ = {isa = PBXFileReference; lastKnownFileType = sourcecode.c.objc; path = AppDelegate.m; sourceTree = "<group>"; };
		37EF862B18BB27D100DCB929 /* my_note.xcdatamodel */ = {isa = PBXFileReference; lastKnownFileType = wrapper.xcdatamodel; path = my_note.xcdatamodel; sourceTree = "<group>"; };
		37EF862D18BB27D100DCB929 /* Images.xcassets */ = {isa = PBXFileReference; lastKnownFileType = folder.assetcatalog; path = Images.xcassets; sourceTree = "<group>"; };
		37EF863318BB27D100DCB929 /* my noteTests.xctest */ = {isa = PBXFileReference; explicitFileType = wrapper.cfbundle; includeInIndex = 0; path = "my noteTests.xctest"; sourceTree = BUILT_PRODUCTS_DIR; };
		37EF863418BB27D100DCB929 /* XCTest.framework */ = {isa = PBXFileReference; lastKnownFileType = wrapper.framework; name = XCTest.framework; path = Library/Frameworks/XCTest.framework; sourceTree = DEVELOPER_DIR; };
		37EF863D18BB27D100DCB929 /* my noteTests-Info.plist */ = {isa = PBXFileReference; lastKnownFileType = text.plist.xml; path = "my noteTests-Info.plist"; sourceTree = "<group>"; };
		37EF863F18BB27D100DCB929 /* en */ = {isa = PBXFileReference; lastKnownFileType = text.plist.strings; name = en; path = en.lproj/InfoPlist.strings; sourceTree = "<group>"; };
		37EF864118BB27D100DCB929 /* my_noteTests.m */ = {isa = PBXFileReference; lastKnownFileType = sourcecode.c.objc; path = my_noteTests.m; sourceTree = "<group>"; };
		37EF864B18BB282200DCB929 /* Main.storyboard */ = {isa = PBXFileReference; fileEncoding = 4; lastKnownFileType = file.storyboard; path = Main.storyboard; sourceTree = "<group>"; };
		37EF864D18BB289900DCB929 /* NoteListViewController.h */ = {isa = PBXFileReference; fileEncoding = 4; lastKnownFileType = sourcecode.c.h; path = NoteListViewController.h; sourceTree = "<group>"; };
		37EF864E18BB289900DCB929 /* NoteListViewController.m */ = {isa = PBXFileReference; fileEncoding = 4; lastKnownFileType = sourcecode.c.objc; path = NoteListViewController.m; sourceTree = "<group>"; };
		37EF865318BB2D0900DCB929 /* NoteItemViewController.h */ = {isa = PBXFileReference; fileEncoding = 4; lastKnownFileType = sourcecode.c.h; path = NoteItemViewController.h; sourceTree = "<group>"; };
		37EF865418BB2D0900DCB929 /* NoteItemViewController.m */ = {isa = PBXFileReference; fileEncoding = 4; lastKnownFileType = sourcecode.c.objc; path = NoteItemViewController.m; sourceTree = "<group>"; };
		4AFEAA7F28AF172566E78CCA /* Pods.release.xcconfig */ = {isa = PBXFileReference; includeInIndex = 1; lastKnownFileType = text.xcconfig; name = Pods.release.xcconfig; path = "Pods/Target Support Files/Pods/Pods.release.xcconfig"; sourceTree = "<group>"; };
		6E5C14A81C0ED59300364870 /* Podfile */ = {isa = PBXFileReference; fileEncoding = 4; lastKnownFileType = text; name = Podfile; path = ../Podfile; sourceTree = "<group>"; xcLanguageSpecificationIdentifier = xcode.lang.ruby; };
		6E927FD11BFEF87600969D6D /* my noteUITests.xctest */ = {isa = PBXFileReference; explicitFileType = wrapper.cfbundle; includeInIndex = 0; path = "my noteUITests.xctest"; sourceTree = BUILT_PRODUCTS_DIR; };
		6E927FD31BFEF87600969D6D /* my_noteUITests.m */ = {isa = PBXFileReference; lastKnownFileType = sourcecode.c.objc; path = my_noteUITests.m; sourceTree = "<group>"; };
		6E927FD51BFEF87600969D6D /* Info.plist */ = {isa = PBXFileReference; lastKnownFileType = text.plist.xml; path = Info.plist; sourceTree = "<group>"; };
		6EB1A8031BF869EB006BE4AC /* Launch Screen.storyboard */ = {isa = PBXFileReference; fileEncoding = 4; lastKnownFileType = file.storyboard; name = "Launch Screen.storyboard"; path = "../Launch Screen.storyboard"; sourceTree = "<group>"; };
		6EE3B7D61C04A21D00B8F927 /* NoteTableViewCell.h */ = {isa = PBXFileReference; fileEncoding = 4; lastKnownFileType = sourcecode.c.h; name = NoteTableViewCell.h; path = ../NoteTableViewCell.h; sourceTree = "<group>"; };
		6EE3B7D71C04A21D00B8F927 /* NoteTableViewCell.m */ = {isa = PBXFileReference; fileEncoding = 4; lastKnownFileType = sourcecode.c.objc; name = NoteTableViewCell.m; path = ../NoteTableViewCell.m; sourceTree = "<group>"; };
		A0DFDA7F7287F25BB15A96CA /* Pods.framework */ = {isa = PBXFileReference; explicitFileType = wrapper.framework; includeInIndex = 0; path = Pods.framework; sourceTree = BUILT_PRODUCTS_DIR; };
		C2F07AFC2D98DB95D8AB0E6A /* Pods.debug.xcconfig */ = {isa = PBXFileReference; includeInIndex = 1; lastKnownFileType = text.xcconfig; name = Pods.debug.xcconfig; path = "Pods/Target Support Files/Pods/Pods.debug.xcconfig"; sourceTree = "<group>"; };
/* End PBXFileReference section */

/* Begin PBXFrameworksBuildPhase section */
		37EF861018BB27D100DCB929 /* Frameworks */ = {
			isa = PBXFrameworksBuildPhase;
			buildActionMask = 2147483647;
			files = (
				37EF861918BB27D100DCB929 /* CoreGraphics.framework in Frameworks */,
				37EF861D18BB27D100DCB929 /* CoreData.framework in Frameworks */,
				37EF861B18BB27D100DCB929 /* UIKit.framework in Frameworks */,
				37EF861718BB27D100DCB929 /* Foundation.framework in Frameworks */,
				AA75421103897BD33BC88C58 /* Pods.framework in Frameworks */,
			);
			runOnlyForDeploymentPostprocessing = 0;
		};
		37EF863018BB27D100DCB929 /* Frameworks */ = {
			isa = PBXFrameworksBuildPhase;
			buildActionMask = 2147483647;
			files = (
				37EF863518BB27D100DCB929 /* XCTest.framework in Frameworks */,
				37EF863818BB27D100DCB929 /* CoreData.framework in Frameworks */,
				37EF863718BB27D100DCB929 /* UIKit.framework in Frameworks */,
				37EF863618BB27D100DCB929 /* Foundation.framework in Frameworks */,
			);
			runOnlyForDeploymentPostprocessing = 0;
		};
		6E927FCE1BFEF87600969D6D /* Frameworks */ = {
			isa = PBXFrameworksBuildPhase;
			buildActionMask = 2147483647;
			files = (
			);
			runOnlyForDeploymentPostprocessing = 0;
		};
/* End PBXFrameworksBuildPhase section */

/* Begin PBXGroup section */
		37EF860A18BB27D100DCB929 = {
			isa = PBXGroup;
			children = (
				37EF861E18BB27D100DCB929 /* my note */,
				37EF863B18BB27D100DCB929 /* my noteTests */,
				6E927FD21BFEF87600969D6D /* my noteUITests */,
				37EF861518BB27D100DCB929 /* Frameworks */,
				37EF861418BB27D100DCB929 /* Products */,
				BEFD58C232EBF0977E4487EE /* Pods */,
			);
			sourceTree = "<group>";
		};
		37EF861418BB27D100DCB929 /* Products */ = {
			isa = PBXGroup;
			children = (
				37EF861318BB27D100DCB929 /* my note.app */,
				37EF863318BB27D100DCB929 /* my noteTests.xctest */,
				6E927FD11BFEF87600969D6D /* my noteUITests.xctest */,
			);
			name = Products;
			sourceTree = "<group>";
		};
		37EF861518BB27D100DCB929 /* Frameworks */ = {
			isa = PBXGroup;
			children = (
				37EF861618BB27D100DCB929 /* Foundation.framework */,
				37EF861818BB27D100DCB929 /* CoreGraphics.framework */,
				37EF861A18BB27D100DCB929 /* UIKit.framework */,
				37EF861C18BB27D100DCB929 /* CoreData.framework */,
				37EF863418BB27D100DCB929 /* XCTest.framework */,
				A0DFDA7F7287F25BB15A96CA /* Pods.framework */,
			);
			name = Frameworks;
			sourceTree = "<group>";
		};
		37EF861E18BB27D100DCB929 /* my note */ = {
			isa = PBXGroup;
			children = (
				37EF862718BB27D100DCB929 /* AppDelegate.h */,
				37EF862818BB27D100DCB929 /* AppDelegate.m */,
				6EE3B7D61C04A21D00B8F927 /* NoteTableViewCell.h */,
				6EE3B7D71C04A21D00B8F927 /* NoteTableViewCell.m */,
				37EF864B18BB282200DCB929 /* Main.storyboard */,
				6EB1A8031BF869EB006BE4AC /* Launch Screen.storyboard */,
				37CB47D618BC6CC700681EBF /* NewNoteViewController.h */,
				37CB47D718BC6CC700681EBF /* NewNoteViewController.m */,
				37EF865318BB2D0900DCB929 /* NoteItemViewController.h */,
				37EF865418BB2D0900DCB929 /* NoteItemViewController.m */,
				37EF864D18BB289900DCB929 /* NoteListViewController.h */,
				37EF864E18BB289900DCB929 /* NoteListViewController.m */,
				37EF862D18BB27D100DCB929 /* Images.xcassets */,
				37EF862A18BB27D100DCB929 /* my_note.xcdatamodeld */,
				374C995F18BDD89300FD55B1 /* Note.h */,
				374C996018BDD89300FD55B1 /* Note.m */,
				37EF861F18BB27D100DCB929 /* Supporting Files */,
			);
			path = "my note";
			sourceTree = "<group>";
		};
		37EF861F18BB27D100DCB929 /* Supporting Files */ = {
			isa = PBXGroup;
			children = (
				6E5C14A81C0ED59300364870 /* Podfile */,
				37EF862018BB27D100DCB929 /* my note-Info.plist */,
				37EF862118BB27D100DCB929 /* InfoPlist.strings */,
				37EF862418BB27D100DCB929 /* main.m */,
				37EF862618BB27D100DCB929 /* my note-Prefix.pch */,
			);
			name = "Supporting Files";
			sourceTree = "<group>";
		};
		37EF863B18BB27D100DCB929 /* my noteTests */ = {
			isa = PBXGroup;
			children = (
				37EF864118BB27D100DCB929 /* my_noteTests.m */,
				37EF863C18BB27D100DCB929 /* Supporting Files */,
			);
			path = "my noteTests";
			sourceTree = "<group>";
		};
		37EF863C18BB27D100DCB929 /* Supporting Files */ = {
			isa = PBXGroup;
			children = (
				37EF863D18BB27D100DCB929 /* my noteTests-Info.plist */,
				37EF863E18BB27D100DCB929 /* InfoPlist.strings */,
			);
			name = "Supporting Files";
			sourceTree = "<group>";
		};
		6E927FD21BFEF87600969D6D /* my noteUITests */ = {
			isa = PBXGroup;
			children = (
				6E927FD31BFEF87600969D6D /* my_noteUITests.m */,
				6E927FD51BFEF87600969D6D /* Info.plist */,
			);
			path = "my noteUITests";
			sourceTree = "<group>";
		};
		BEFD58C232EBF0977E4487EE /* Pods */ = {
			isa = PBXGroup;
			children = (
				C2F07AFC2D98DB95D8AB0E6A /* Pods.debug.xcconfig */,
				4AFEAA7F28AF172566E78CCA /* Pods.release.xcconfig */,
			);
			name = Pods;
			sourceTree = "<group>";
		};
/* End PBXGroup section */

/* Begin PBXNativeTarget section */
		37EF861218BB27D100DCB929 /* my note */ = {
			isa = PBXNativeTarget;
			buildConfigurationList = 37EF864518BB27D100DCB929 /* Build configuration list for PBXNativeTarget "my note" */;
			buildPhases = (
				B2360EED85F76377D5A08D5B /* Check Pods Manifest.lock */,
				37EF860F18BB27D100DCB929 /* Sources */,
				37EF861018BB27D100DCB929 /* Frameworks */,
				37EF861118BB27D100DCB929 /* Resources */,
				C5D8D8222440B81B067FE047 /* Embed Pods Frameworks */,
				D25E661C98DD2B7E0C0CA635 /* Copy Pods Resources */,
			);
			buildRules = (
			);
			dependencies = (
			);
			name = "my note";
			productName = "my note";
			productReference = 37EF861318BB27D100DCB929 /* my note.app */;
			productType = "com.apple.product-type.application";
		};
		37EF863218BB27D100DCB929 /* my noteTests */ = {
			isa = PBXNativeTarget;
			buildConfigurationList = 37EF864818BB27D100DCB929 /* Build configuration list for PBXNativeTarget "my noteTests" */;
			buildPhases = (
				37EF862F18BB27D100DCB929 /* Sources */,
				37EF863018BB27D100DCB929 /* Frameworks */,
				37EF863118BB27D100DCB929 /* Resources */,
			);
			buildRules = (
			);
			dependencies = (
				37EF863A18BB27D100DCB929 /* PBXTargetDependency */,
			);
			name = "my noteTests";
			productName = "my noteTests";
			productReference = 37EF863318BB27D100DCB929 /* my noteTests.xctest */;
			productType = "com.apple.product-type.bundle.unit-test";
		};
		6E927FD01BFEF87600969D6D /* my noteUITests */ = {
			isa = PBXNativeTarget;
			buildConfigurationList = 6E927FD81BFEF87600969D6D /* Build configuration list for PBXNativeTarget "my noteUITests" */;
			buildPhases = (
				6E927FCD1BFEF87600969D6D /* Sources */,
				6E927FCE1BFEF87600969D6D /* Frameworks */,
				6E927FCF1BFEF87600969D6D /* Resources */,
			);
			buildRules = (
			);
			dependencies = (
				6E927FD71BFEF87600969D6D /* PBXTargetDependency */,
			);
			name = "my noteUITests";
			productName = "my noteUITests";
			productReference = 6E927FD11BFEF87600969D6D /* my noteUITests.xctest */;
			productType = "com.apple.product-type.bundle.ui-testing";
		};
/* End PBXNativeTarget section */

/* Begin PBXProject section */
		37EF860B18BB27D100DCB929 /* Project object */ = {
			isa = PBXProject;
			attributes = {
				LastUpgradeCheck = 0710;
				ORGANIZATIONNAME = "Greg Xu";
				TargetAttributes = {
					37EF861218BB27D100DCB929 = {
						DevelopmentTeam = P9BVJJMNCD;
					};
					37EF863218BB27D100DCB929 = {
						TestTargetID = 37EF861218BB27D100DCB929;
					};
					6E927FD01BFEF87600969D6D = {
						CreatedOnToolsVersion = 7.1;
						DevelopmentTeam = P9BVJJMNCD;
						TestTargetID = 37EF861218BB27D100DCB929;
					};
				};
			};
			buildConfigurationList = 37EF860E18BB27D100DCB929 /* Build configuration list for PBXProject "my note" */;
			compatibilityVersion = "Xcode 3.2";
			developmentRegion = English;
			hasScannedForEncodings = 0;
			knownRegions = (
				en,
			);
			mainGroup = 37EF860A18BB27D100DCB929;
			productRefGroup = 37EF861418BB27D100DCB929 /* Products */;
			projectDirPath = "";
			projectRoot = "";
			targets = (
				37EF861218BB27D100DCB929 /* my note */,
				37EF863218BB27D100DCB929 /* my noteTests */,
				6E927FD01BFEF87600969D6D /* my noteUITests */,
			);
		};
/* End PBXProject section */

/* Begin PBXResourcesBuildPhase section */
		37EF861118BB27D100DCB929 /* Resources */ = {
			isa = PBXResourcesBuildPhase;
			buildActionMask = 2147483647;
			files = (
				6E5C14A91C0ED59300364870 /* Podfile in Resources */,
				37EF864C18BB282200DCB929 /* Main.storyboard in Resources */,
				37EF862318BB27D100DCB929 /* InfoPlist.strings in Resources */,
				6EB1A8041BF869EB006BE4AC /* Launch Screen.storyboard in Resources */,
				37EF862E18BB27D100DCB929 /* Images.xcassets in Resources */,
			);
			runOnlyForDeploymentPostprocessing = 0;
		};
		37EF863118BB27D100DCB929 /* Resources */ = {
			isa = PBXResourcesBuildPhase;
			buildActionMask = 2147483647;
			files = (
				37EF864018BB27D100DCB929 /* InfoPlist.strings in Resources */,
			);
			runOnlyForDeploymentPostprocessing = 0;
		};
		6E927FCF1BFEF87600969D6D /* Resources */ = {
			isa = PBXResourcesBuildPhase;
			buildActionMask = 2147483647;
			files = (
			);
			runOnlyForDeploymentPostprocessing = 0;
		};
/* End PBXResourcesBuildPhase section */

/* Begin PBXShellScriptBuildPhase section */
		B2360EED85F76377D5A08D5B /* Check Pods Manifest.lock */ = {
			isa = PBXShellScriptBuildPhase;
			buildActionMask = 2147483647;
			files = (
			);
			inputPaths = (
			);
			name = "Check Pods Manifest.lock";
			outputPaths = (
			);
			runOnlyForDeploymentPostprocessing = 0;
			shellPath = /bin/sh;
			shellScript = "diff \"${PODS_ROOT}/../Podfile.lock\" \"${PODS_ROOT}/Manifest.lock\" > /dev/null\nif [[ $? != 0 ]] ; then\n    cat << EOM\nerror: The sandbox is not in sync with the Podfile.lock. Run 'pod install' or update your CocoaPods installation.\nEOM\n    exit 1\nfi\n";
			showEnvVarsInLog = 0;
		};
		C5D8D8222440B81B067FE047 /* Embed Pods Frameworks */ = {
			isa = PBXShellScriptBuildPhase;
			buildActionMask = 2147483647;
			files = (
			);
			inputPaths = (
			);
			name = "Embed Pods Frameworks";
			outputPaths = (
			);
			runOnlyForDeploymentPostprocessing = 0;
			shellPath = /bin/sh;
			shellScript = "\"${SRCROOT}/Pods/Target Support Files/Pods/Pods-frameworks.sh\"\n";
			showEnvVarsInLog = 0;
		};
		D25E661C98DD2B7E0C0CA635 /* Copy Pods Resources */ = {
			isa = PBXShellScriptBuildPhase;
			buildActionMask = 2147483647;
			files = (
			);
			inputPaths = (
			);
			name = "Copy Pods Resources";
			outputPaths = (
			);
			runOnlyForDeploymentPostprocessing = 0;
			shellPath = /bin/sh;
			shellScript = "\"${SRCROOT}/Pods/Target Support Files/Pods/Pods-resources.sh\"\n";
			showEnvVarsInLog = 0;
		};
/* End PBXShellScriptBuildPhase section */

/* Begin PBXSourcesBuildPhase section */
		37EF860F18BB27D100DCB929 /* Sources */ = {
			isa = PBXSourcesBuildPhase;
			buildActionMask = 2147483647;
			files = (
				37EF865518BB2D0900DCB929 /* NoteItemViewController.m in Sources */,
				37EF864F18BB289900DCB929 /* NoteListViewController.m in Sources */,
				37CB47D818BC6CC700681EBF /* NewNoteViewController.m in Sources */,
				37EF862C18BB27D100DCB929 /* my_note.xcdatamodeld in Sources */,
				37EF862918BB27D100DCB929 /* AppDelegate.m in Sources */,
				374C996118BDD89300FD55B1 /* Note.m in Sources */,
				37EF862518BB27D100DCB929 /* main.m in Sources */,
				6EE3B7D81C04A21D00B8F927 /* NoteTableViewCell.m in Sources */,
			);
			runOnlyForDeploymentPostprocessing = 0;
		};
		37EF862F18BB27D100DCB929 /* Sources */ = {
			isa = PBXSourcesBuildPhase;
			buildActionMask = 2147483647;
			files = (
				37EF864218BB27D100DCB929 /* my_noteTests.m in Sources */,
			);
			runOnlyForDeploymentPostprocessing = 0;
		};
		6E927FCD1BFEF87600969D6D /* Sources */ = {
			isa = PBXSourcesBuildPhase;
			buildActionMask = 2147483647;
			files = (
				6E927FD41BFEF87600969D6D /* my_noteUITests.m in Sources */,
			);
			runOnlyForDeploymentPostprocessing = 0;
		};
/* End PBXSourcesBuildPhase section */

/* Begin PBXTargetDependency section */
		37EF863A18BB27D100DCB929 /* PBXTargetDependency */ = {
			isa = PBXTargetDependency;
			target = 37EF861218BB27D100DCB929 /* my note */;
			targetProxy = 37EF863918BB27D100DCB929 /* PBXContainerItemProxy */;
		};
		6E927FD71BFEF87600969D6D /* PBXTargetDependency */ = {
			isa = PBXTargetDependency;
			target = 37EF861218BB27D100DCB929 /* my note */;
			targetProxy = 6E927FD61BFEF87600969D6D /* PBXContainerItemProxy */;
		};
/* End PBXTargetDependency section */

/* Begin PBXVariantGroup section */
		37EF862118BB27D100DCB929 /* InfoPlist.strings */ = {
			isa = PBXVariantGroup;
			children = (
				37EF862218BB27D100DCB929 /* en */,
			);
			name = InfoPlist.strings;
			sourceTree = "<group>";
		};
		37EF863E18BB27D100DCB929 /* InfoPlist.strings */ = {
			isa = PBXVariantGroup;
			children = (
				37EF863F18BB27D100DCB929 /* en */,
			);
			name = InfoPlist.strings;
			sourceTree = "<group>";
		};
/* End PBXVariantGroup section */

/* Begin XCBuildConfiguration section */
		37EF864318BB27D100DCB929 /* Debug */ = {
			isa = XCBuildConfiguration;
			buildSettings = {
				ALWAYS_SEARCH_USER_PATHS = NO;
				CLANG_CXX_LANGUAGE_STANDARD = "gnu++0x";
				CLANG_CXX_LIBRARY = "libc++";
				CLANG_ENABLE_MODULES = YES;
				CLANG_ENABLE_OBJC_ARC = YES;
				CLANG_WARN_BOOL_CONVERSION = YES;
				CLANG_WARN_CONSTANT_CONVERSION = YES;
				CLANG_WARN_DIRECT_OBJC_ISA_USAGE = YES_ERROR;
				CLANG_WARN_EMPTY_BODY = YES;
				CLANG_WARN_ENUM_CONVERSION = YES;
				CLANG_WARN_INT_CONVERSION = YES;
				CLANG_WARN_OBJC_ROOT_CLASS = YES_ERROR;
				CLANG_WARN__DUPLICATE_METHOD_MATCH = YES;
				"CODE_SIGN_IDENTITY[sdk=iphoneos*]" = "iPhone Developer";
				COPY_PHASE_STRIP = NO;
				ENABLE_TESTABILITY = YES;
				GCC_C_LANGUAGE_STANDARD = gnu99;
				GCC_DYNAMIC_NO_PIC = NO;
				GCC_OPTIMIZATION_LEVEL = 0;
				GCC_PREPROCESSOR_DEFINITIONS = (
					"DEBUG=1",
					"$(inherited)",
				);
				GCC_SYMBOLS_PRIVATE_EXTERN = NO;
				GCC_WARN_64_TO_32_BIT_CONVERSION = YES;
				GCC_WARN_ABOUT_RETURN_TYPE = YES_ERROR;
				GCC_WARN_UNDECLARED_SELECTOR = YES;
				GCC_WARN_UNINITIALIZED_AUTOS = YES;
				GCC_WARN_UNUSED_FUNCTION = YES;
				GCC_WARN_UNUSED_VARIABLE = YES;
				IPHONEOS_DEPLOYMENT_TARGET = 7.0;
				ONLY_ACTIVE_ARCH = YES;
				SDKROOT = iphoneos;
			};
			name = Debug;
		};
		37EF864418BB27D100DCB929 /* Release */ = {
			isa = XCBuildConfiguration;
			buildSettings = {
				ALWAYS_SEARCH_USER_PATHS = NO;
				CLANG_CXX_LANGUAGE_STANDARD = "gnu++0x";
				CLANG_CXX_LIBRARY = "libc++";
				CLANG_ENABLE_MODULES = YES;
				CLANG_ENABLE_OBJC_ARC = YES;
				CLANG_WARN_BOOL_CONVERSION = YES;
				CLANG_WARN_CONSTANT_CONVERSION = YES;
				CLANG_WARN_DIRECT_OBJC_ISA_USAGE = YES_ERROR;
				CLANG_WARN_EMPTY_BODY = YES;
				CLANG_WARN_ENUM_CONVERSION = YES;
				CLANG_WARN_INT_CONVERSION = YES;
				CLANG_WARN_OBJC_ROOT_CLASS = YES_ERROR;
				CLANG_WARN__DUPLICATE_METHOD_MATCH = YES;
				"CODE_SIGN_IDENTITY[sdk=iphoneos*]" = "iPhone Developer";
				COPY_PHASE_STRIP = YES;
				ENABLE_NS_ASSERTIONS = NO;
				GCC_C_LANGUAGE_STANDARD = gnu99;
				GCC_WARN_64_TO_32_BIT_CONVERSION = YES;
				GCC_WARN_ABOUT_RETURN_TYPE = YES_ERROR;
				GCC_WARN_UNDECLARED_SELECTOR = YES;
				GCC_WARN_UNINITIALIZED_AUTOS = YES;
				GCC_WARN_UNUSED_FUNCTION = YES;
				GCC_WARN_UNUSED_VARIABLE = YES;
				IPHONEOS_DEPLOYMENT_TARGET = 7.0;
				SDKROOT = iphoneos;
				VALIDATE_PRODUCT = YES;
			};
			name = Release;
		};
		37EF864618BB27D100DCB929 /* Debug */ = {
			isa = XCBuildConfiguration;
			baseConfigurationReference = C2F07AFC2D98DB95D8AB0E6A /* Pods.debug.xcconfig */;
			buildSettings = {
				ASSETCATALOG_COMPILER_APPICON_NAME = AppIcon;
				ASSETCATALOG_COMPILER_LAUNCHIMAGE_NAME = LaunchImage;
				CODE_SIGN_IDENTITY = "iPhone Developer";
				GCC_PRECOMPILE_PREFIX_HEADER = YES;
				GCC_PREFIX_HEADER = "my note/my note-Prefix.pch";
				INFOPLIST_FILE = "my note/my note-Info.plist";
				IPHONEOS_DEPLOYMENT_TARGET = 8.0;
				PRODUCT_BUNDLE_IDENTIFIER = "app.${PRODUCT_NAME:rfc1034identifier}";
				PRODUCT_NAME = "$(TARGET_NAME)";
				TARGETED_DEVICE_FAMILY = "1,2";
				WRAPPER_EXTENSION = app;
			};
			name = Debug;
		};
		37EF864718BB27D100DCB929 /* Release */ = {
			isa = XCBuildConfiguration;
			baseConfigurationReference = 4AFEAA7F28AF172566E78CCA /* Pods.release.xcconfig */;
			buildSettings = {
				ASSETCATALOG_COMPILER_APPICON_NAME = AppIcon;
				ASSETCATALOG_COMPILER_LAUNCHIMAGE_NAME = LaunchImage;
				CODE_SIGN_IDENTITY = "iPhone Developer";
				GCC_PRECOMPILE_PREFIX_HEADER = YES;
				GCC_PREFIX_HEADER = "my note/my note-Prefix.pch";
				INFOPLIST_FILE = "my note/my note-Info.plist";
				IPHONEOS_DEPLOYMENT_TARGET = 8.0;
				PRODUCT_BUNDLE_IDENTIFIER = "app.${PRODUCT_NAME:rfc1034identifier}";
				PRODUCT_NAME = "$(TARGET_NAME)";
				TARGETED_DEVICE_FAMILY = "1,2";
				WRAPPER_EXTENSION = app;
			};
			name = Release;
		};
		37EF864918BB27D100DCB929 /* Debug */ = {
			isa = XCBuildConfiguration;
			buildSettings = {
				BUNDLE_LOADER = "$(BUILT_PRODUCTS_DIR)/my note.app/my note";
				GCC_PRECOMPILE_PREFIX_HEADER = YES;
				GCC_PREFIX_HEADER = "my note/my note-Prefix.pch";
				GCC_PREPROCESSOR_DEFINITIONS = (
					"DEBUG=1",
					"$(inherited)",
				);
				INFOPLIST_FILE = "my noteTests/my noteTests-Info.plist";
				PRODUCT_BUNDLE_IDENTIFIER = "app.${PRODUCT_NAME:rfc1034identifier}";
				PRODUCT_NAME = "$(TARGET_NAME)";
				TEST_HOST = "$(BUNDLE_LOADER)";
				WRAPPER_EXTENSION = xctest;
			};
			name = Debug;
		};
		37EF864A18BB27D100DCB929 /* Release */ = {
			isa = XCBuildConfiguration;
			buildSettings = {
				BUNDLE_LOADER = "$(BUILT_PRODUCTS_DIR)/my note.app/my note";
				GCC_PRECOMPILE_PREFIX_HEADER = YES;
				GCC_PREFIX_HEADER = "my note/my note-Prefix.pch";
				INFOPLIST_FILE = "my noteTests/my noteTests-Info.plist";
				PRODUCT_BUNDLE_IDENTIFIER = "app.${PRODUCT_NAME:rfc1034identifier}";
				PRODUCT_NAME = "$(TARGET_NAME)";
				TEST_HOST = "$(BUNDLE_LOADER)";
				WRAPPER_EXTENSION = xctest;
			};
			name = Release;
		};
		6E927FD91BFEF87600969D6D /* Debug */ = {
			isa = XCBuildConfiguration;
			buildSettings = {
				CLANG_WARN_UNREACHABLE_CODE = YES;
				DEBUG_INFORMATION_FORMAT = dwarf;
				ENABLE_STRICT_OBJC_MSGSEND = YES;
				GCC_NO_COMMON_BLOCKS = YES;
				GCC_WARN_UNINITIALIZED_AUTOS = YES_AGGRESSIVE;
				INFOPLIST_FILE = "my noteUITests/Info.plist";
				IPHONEOS_DEPLOYMENT_TARGET = 9.1;
				LD_RUNPATH_SEARCH_PATHS = "$(inherited) @executable_path/Frameworks @loader_path/Frameworks";
				MTL_ENABLE_DEBUG_INFO = YES;
				PRODUCT_BUNDLE_IDENTIFIER = "io.goooooouwa.my-noteUITests";
				PRODUCT_NAME = "$(TARGET_NAME)";
				TEST_TARGET_NAME = "my note";
				USES_XCTRUNNER = YES;
			};
			name = Debug;
		};
		6E927FDA1BFEF87600969D6D /* Release */ = {
			isa = XCBuildConfiguration;
			buildSettings = {
				CLANG_WARN_UNREACHABLE_CODE = YES;
				COPY_PHASE_STRIP = NO;
				DEBUG_INFORMATION_FORMAT = "dwarf-with-dsym";
				ENABLE_STRICT_OBJC_MSGSEND = YES;
				GCC_NO_COMMON_BLOCKS = YES;
				GCC_WARN_UNINITIALIZED_AUTOS = YES_AGGRESSIVE;
				INFOPLIST_FILE = "my noteUITests/Info.plist";
				IPHONEOS_DEPLOYMENT_TARGET = 9.1;
				LD_RUNPATH_SEARCH_PATHS = "$(inherited) @executable_path/Frameworks @loader_path/Frameworks";
				MTL_ENABLE_DEBUG_INFO = NO;
				PRODUCT_BUNDLE_IDENTIFIER = "io.goooooouwa.my-noteUITests";
				PRODUCT_NAME = "$(TARGET_NAME)";
				TEST_TARGET_NAME = "my note";
				USES_XCTRUNNER = YES;
			};
			name = Release;
		};
/* End XCBuildConfiguration section */

/* Begin XCConfigurationList section */
		37EF860E18BB27D100DCB929 /* Build configuration list for PBXProject "my note" */ = {
			isa = XCConfigurationList;
			buildConfigurations = (
				37EF864318BB27D100DCB929 /* Debug */,
				37EF864418BB27D100DCB929 /* Release */,
			);
			defaultConfigurationIsVisible = 0;
			defaultConfigurationName = Release;
		};
		37EF864518BB27D100DCB929 /* Build configuration list for PBXNativeTarget "my note" */ = {
			isa = XCConfigurationList;
			buildConfigurations = (
				37EF864618BB27D100DCB929 /* Debug */,
				37EF864718BB27D100DCB929 /* Release */,
			);
			defaultConfigurationIsVisible = 0;
			defaultConfigurationName = Release;
		};
		37EF864818BB27D100DCB929 /* Build configuration list for PBXNativeTarget "my noteTests" */ = {
			isa = XCConfigurationList;
			buildConfigurations = (
				37EF864918BB27D100DCB929 /* Debug */,
				37EF864A18BB27D100DCB929 /* Release */,
			);
			defaultConfigurationIsVisible = 0;
			defaultConfigurationName = Release;
		};
		6E927FD81BFEF87600969D6D /* Build configuration list for PBXNativeTarget "my noteUITests" */ = {
			isa = XCConfigurationList;
			buildConfigurations = (
				6E927FD91BFEF87600969D6D /* Debug */,
				6E927FDA1BFEF87600969D6D /* Release */,
			);
			defaultConfigurationIsVisible = 0;
			defaultConfigurationName = Release;
		};
/* End XCConfigurationList section */

/* Begin XCVersionGroup section */
		37EF862A18BB27D100DCB929 /* my_note.xcdatamodeld */ = {
			isa = XCVersionGroup;
			children = (
				37EF862B18BB27D100DCB929 /* my_note.xcdatamodel */,
			);
			currentVersion = 37EF862B18BB27D100DCB929 /* my_note.xcdatamodel */;
			path = my_note.xcdatamodeld;
			sourceTree = "<group>";
			versionGroupType = wrapper.xcdatamodel;
		};
/* End XCVersionGroup section */
	};
	rootObject = 37EF860B18BB27D100DCB929 /* Project object */;
}
